// !$*UTF8*$!
{
	archiveVersion = 1;
	classes = {
	};
	objectVersion = 48;
	objects = {

/* Begin PBXBuildFile section */
		9D214A3E205FF68600DA87BD /* AppDelegate.swift in Sources */ = {isa = PBXBuildFile; fileRef = 9D214A3D205FF68600DA87BD /* AppDelegate.swift */; };
		9D214A40205FF68600DA87BD /* ViewController.swift in Sources */ = {isa = PBXBuildFile; fileRef = 9D214A3F205FF68600DA87BD /* ViewController.swift */; };
		9D214A43205FF68600DA87BD /* Main.storyboard in Resources */ = {isa = PBXBuildFile; fileRef = 9D214A41205FF68600DA87BD /* Main.storyboard */; };
		9D214A46205FF68600DA87BD /* TabBarPractice.xcdatamodeld in Sources */ = {isa = PBXBuildFile; fileRef = 9D214A44205FF68600DA87BD /* TabBarPractice.xcdatamodeld */; };
		9D214A48205FF68600DA87BD /* Assets.xcassets in Resources */ = {isa = PBXBuildFile; fileRef = 9D214A47205FF68600DA87BD /* Assets.xcassets */; };
		9D214A4B205FF68600DA87BD /* LaunchScreen.storyboard in Resources */ = {isa = PBXBuildFile; fileRef = 9D214A49205FF68600DA87BD /* LaunchScreen.storyboard */; };
		9D214A56205FF68600DA87BD /* TabBarPracticeTests.swift in Sources */ = {isa = PBXBuildFile; fileRef = 9D214A55205FF68600DA87BD /* TabBarPracticeTests.swift */; };
		9D214A61205FF68600DA87BD /* TabBarPracticeUITests.swift in Sources */ = {isa = PBXBuildFile; fileRef = 9D214A60205FF68600DA87BD /* TabBarPracticeUITests.swift */; };
/* End PBXBuildFile section */

/* Begin PBXContainerItemProxy section */
		9D214A52205FF68600DA87BD /* PBXContainerItemProxy */ = {
			isa = PBXContainerItemProxy;
			containerPortal = 9D214A32205FF68600DA87BD /* Project object */;
			proxyType = 1;
			remoteGlobalIDString = 9D214A39205FF68600DA87BD;
			remoteInfo = TabBarPractice;
		};
		9D214A5D205FF68600DA87BD /* PBXContainerItemProxy */ = {
			isa = PBXContainerItemProxy;
			containerPortal = 9D214A32205FF68600DA87BD /* Project object */;
			proxyType = 1;
			remoteGlobalIDString = 9D214A39205FF68600DA87BD;
			remoteInfo = TabBarPractice;
		};
/* End PBXContainerItemProxy section */

/* Begin PBXFileReference section */
		9D214A3A205FF68600DA87BD /* TabBarPractice.app */ = {isa = PBXFileReference; explicitFileType = wrapper.application; includeInIndex = 0; path = TabBarPractice.app; sourceTree = BUILT_PRODUCTS_DIR; };
		9D214A3D205FF68600DA87BD /* AppDelegate.swift */ = {isa = PBXFileReference; lastKnownFileType = sourcecode.swift; path = AppDelegate.swift; sourceTree = "<group>"; };
		9D214A3F205FF68600DA87BD /* ViewController.swift */ = {isa = PBXFileReference; lastKnownFileType = sourcecode.swift; path = ViewController.swift; sourceTree = "<group>"; };
		9D214A42205FF68600DA87BD /* Base */ = {isa = PBXFileReference; lastKnownFileType = file.storyboard; name = Base; path = Base.lproj/Main.storyboard; sourceTree = "<group>"; };
		9D214A45205FF68600DA87BD /* TabBarPractice.xcdatamodel */ = {isa = PBXFileReference; lastKnownFileType = wrapper.xcdatamodel; path = TabBarPractice.xcdatamodel; sourceTree = "<group>"; };
		9D214A47205FF68600DA87BD /* Assets.xcassets */ = {isa = PBXFileReference; lastKnownFileType = folder.assetcatalog; path = Assets.xcassets; sourceTree = "<group>"; };
		9D214A4A205FF68600DA87BD /* Base */ = {isa = PBXFileReference; lastKnownFileType = file.storyboard; name = Base; path = Base.lproj/LaunchScreen.storyboard; sourceTree = "<group>"; };
		9D214A4C205FF68600DA87BD /* Info.plist */ = {isa = PBXFileReference; lastKnownFileType = text.plist.xml; path = Info.plist; sourceTree = "<group>"; };
		9D214A51205FF68600DA87BD /* TabBarPracticeTests.xctest */ = {isa = PBXFileReference; explicitFileType = wrapper.cfbundle; includeInIndex = 0; path = TabBarPracticeTests.xctest; sourceTree = BUILT_PRODUCTS_DIR; };
		9D214A55205FF68600DA87BD /* TabBarPracticeTests.swift */ = {isa = PBXFileReference; lastKnownFileType = sourcecode.swift; path = TabBarPracticeTests.swift; sourceTree = "<group>"; };
		9D214A57205FF68600DA87BD /* Info.plist */ = {isa = PBXFileReference; lastKnownFileType = text.plist.xml; path = Info.plist; sourceTree = "<group>"; };
		9D214A5C205FF68600DA87BD /* TabBarPracticeUITests.xctest */ = {isa = PBXFileReference; explicitFileType = wrapper.cfbundle; includeInIndex = 0; path = TabBarPracticeUITests.xctest; sourceTree = BUILT_PRODUCTS_DIR; };
		9D214A60205FF68600DA87BD /* TabBarPracticeUITests.swift */ = {isa = PBXFileReference; lastKnownFileType = sourcecode.swift; path = TabBarPracticeUITests.swift; sourceTree = "<group>"; };
		9D214A62205FF68600DA87BD /* Info.plist */ = {isa = PBXFileReference; lastKnownFileType = text.plist.xml; path = Info.plist; sourceTree = "<group>"; };
/* End PBXFileReference section */

/* Begin PBXFrameworksBuildPhase section */
		9D214A37205FF68600DA87BD /* Frameworks */ = {
			isa = PBXFrameworksBuildPhase;
			buildActionMask = 2147483647;
			files = (
			);
			runOnlyForDeploymentPostprocessing = 0;
		};
		9D214A4E205FF68600DA87BD /* Frameworks */ = {
			isa = PBXFrameworksBuildPhase;
			buildActionMask = 2147483647;
			files = (
			);
			runOnlyForDeploymentPostprocessing = 0;
		};
		9D214A59205FF68600DA87BD /* Frameworks */ = {
			isa = PBXFrameworksBuildPhase;
			buildActionMask = 2147483647;
			files = (
			);
			runOnlyForDeploymentPostprocessing = 0;
		};
/* End PBXFrameworksBuildPhase section */

/* Begin PBXGroup section */
		9D214A31205FF68600DA87BD = {
			isa = PBXGroup;
			children = (
				9D214A3C205FF68600DA87BD /* TabBarPractice */,
				9D214A54205FF68600DA87BD /* TabBarPracticeTests */,
				9D214A5F205FF68600DA87BD /* TabBarPracticeUITests */,
				9D214A3B205FF68600DA87BD /* Products */,
			);
			sourceTree = "<group>";
		};
		9D214A3B205FF68600DA87BD /* Products */ = {
			isa = PBXGroup;
			children = (
				9D214A3A205FF68600DA87BD /* TabBarPractice.app */,
				9D214A51205FF68600DA87BD /* TabBarPracticeTests.xctest */,
				9D214A5C205FF68600DA87BD /* TabBarPracticeUITests.xctest */,
			);
			name = Products;
			sourceTree = "<group>";
		};
		9D214A3C205FF68600DA87BD /* TabBarPractice */ = {
			isa = PBXGroup;
			children = (
				9D214A3D205FF68600DA87BD /* AppDelegate.swift */,
				9D214A3F205FF68600DA87BD /* ViewController.swift */,
				9D214A41205FF68600DA87BD /* Main.storyboard */,
				9D214A47205FF68600DA87BD /* Assets.xcassets */,
				9D214A49205FF68600DA87BD /* LaunchScreen.storyboard */,
				9D214A4C205FF68600DA87BD /* Info.plist */,
				9D214A44205FF68600DA87BD /* TabBarPractice.xcdatamodeld */,
			);
			path = TabBarPractice;
			sourceTree = "<group>";
		};
		9D214A54205FF68600DA87BD /* TabBarPracticeTests */ = {
			isa = PBXGroup;
			children = (
				9D214A55205FF68600DA87BD /* TabBarPracticeTests.swift */,
				9D214A57205FF68600DA87BD /* Info.plist */,
			);
			path = TabBarPracticeTests;
			sourceTree = "<group>";
		};
		9D214A5F205FF68600DA87BD /* TabBarPracticeUITests */ = {
			isa = PBXGroup;
			children = (
				9D214A60205FF68600DA87BD /* TabBarPracticeUITests.swift */,
				9D214A62205FF68600DA87BD /* Info.plist */,
			);
			path = TabBarPracticeUITests;
			sourceTree = "<group>";
		};
/* End PBXGroup section */

/* Begin PBXNativeTarget section */
		9D214A39205FF68600DA87BD /* TabBarPractice */ = {
			isa = PBXNativeTarget;
			buildConfigurationList = 9D214A65205FF68600DA87BD /* Build configuration list for PBXNativeTarget "TabBarPractice" */;
			buildPhases = (
				9D214A36205FF68600DA87BD /* Sources */,
				9D214A37205FF68600DA87BD /* Frameworks */,
				9D214A38205FF68600DA87BD /* Resources */,
			);
			buildRules = (
			);
			dependencies = (
			);
			name = TabBarPractice;
			productName = TabBarPractice;
			productReference = 9D214A3A205FF68600DA87BD /* TabBarPractice.app */;
			productType = "com.apple.product-type.application";
		};
		9D214A50205FF68600DA87BD /* TabBarPracticeTests */ = {
			isa = PBXNativeTarget;
			buildConfigurationList = 9D214A68205FF68600DA87BD /* Build configuration list for PBXNativeTarget "TabBarPracticeTests" */;
			buildPhases = (
				9D214A4D205FF68600DA87BD /* Sources */,
				9D214A4E205FF68600DA87BD /* Frameworks */,
				9D214A4F205FF68600DA87BD /* Resources */,
			);
			buildRules = (
			);
			dependencies = (
				9D214A53205FF68600DA87BD /* PBXTargetDependency */,
			);
			name = TabBarPracticeTests;
			productName = TabBarPracticeTests;
			productReference = 9D214A51205FF68600DA87BD /* TabBarPracticeTests.xctest */;
			productType = "com.apple.product-type.bundle.unit-test";
		};
		9D214A5B205FF68600DA87BD /* TabBarPracticeUITests */ = {
			isa = PBXNativeTarget;
			buildConfigurationList = 9D214A6B205FF68600DA87BD /* Build configuration list for PBXNativeTarget "TabBarPracticeUITests" */;
			buildPhases = (
				9D214A58205FF68600DA87BD /* Sources */,
				9D214A59205FF68600DA87BD /* Frameworks */,
				9D214A5A205FF68600DA87BD /* Resources */,
			);
			buildRules = (
			);
			dependencies = (
				9D214A5E205FF68600DA87BD /* PBXTargetDependency */,
			);
			name = TabBarPracticeUITests;
			productName = TabBarPracticeUITests;
			productReference = 9D214A5C205FF68600DA87BD /* TabBarPracticeUITests.xctest */;
			productType = "com.apple.product-type.bundle.ui-testing";
		};
/* End PBXNativeTarget section */

/* Begin PBXProject section */
		9D214A32205FF68600DA87BD /* Project object */ = {
			isa = PBXProject;
			attributes = {
				LastSwiftUpdateCheck = 0920;
				LastUpgradeCheck = 0920;
				ORGANIZATIONNAME = "Andrew Madsen";
				TargetAttributes = {
					9D214A39205FF68600DA87BD = {
						CreatedOnToolsVersion = 9.2;
						ProvisioningStyle = Automatic;
					};
					9D214A50205FF68600DA87BD = {
						CreatedOnToolsVersion = 9.2;
						ProvisioningStyle = Automatic;
						TestTargetID = 9D214A39205FF68600DA87BD;
					};
					9D214A5B205FF68600DA87BD = {
						CreatedOnToolsVersion = 9.2;
						ProvisioningStyle = Automatic;
						TestTargetID = 9D214A39205FF68600DA87BD;
					};
				};
			};
			buildConfigurationList = 9D214A35205FF68600DA87BD /* Build configuration list for PBXProject "TabBarPractice" */;
			compatibilityVersion = "Xcode 8.0";
			developmentRegion = en;
			hasScannedForEncodings = 0;
			knownRegions = (
				en,
				Base,
			);
			mainGroup = 9D214A31205FF68600DA87BD;
			productRefGroup = 9D214A3B205FF68600DA87BD /* Products */;
			projectDirPath = "";
			projectRoot = "";
			targets = (
				9D214A39205FF68600DA87BD /* TabBarPractice */,
				9D214A50205FF68600DA87BD /* TabBarPracticeTests */,
				9D214A5B205FF68600DA87BD /* TabBarPracticeUITests */,
			);
		};
/* End PBXProject section */

/* Begin PBXResourcesBuildPhase section */
		9D214A38205FF68600DA87BD /* Resources */ = {
			isa = PBXResourcesBuildPhase;
			buildActionMask = 2147483647;
			files = (
				9D214A4B205FF68600DA87BD /* LaunchScreen.storyboard in Resources */,
				9D214A48205FF68600DA87BD /* Assets.xcassets in Resources */,
				9D214A43205FF68600DA87BD /* Main.storyboard in Resources */,
			);
			runOnlyForDeploymentPostprocessing = 0;
		};
		9D214A4F205FF68600DA87BD /* Resources */ = {
			isa = PBXResourcesBuildPhase;
			buildActionMask = 2147483647;
			files = (
			);
			runOnlyForDeploymentPostprocessing = 0;
		};
		9D214A5A205FF68600DA87BD /* Resources */ = {
			isa = PBXResourcesBuildPhase;
			buildActionMask = 2147483647;
			files = (
			);
			runOnlyForDeploymentPostprocessing = 0;
		};
/* End PBXResourcesBuildPhase section */

/* Begin PBXSourcesBuildPhase section */
		9D214A36205FF68600DA87BD /* Sources */ = {
			isa = PBXSourcesBuildPhase;
			buildActionMask = 2147483647;
			files = (
				9D214A46205FF68600DA87BD /* TabBarPractice.xcdatamodeld in Sources */,
				9D214A40205FF68600DA87BD /* ViewController.swift in Sources */,
				9D214A3E205FF68600DA87BD /* AppDelegate.swift in Sources */,
			);
			runOnlyForDeploymentPostprocessing = 0;
		};
		9D214A4D205FF68600DA87BD /* Sources */ = {
			isa = PBXSourcesBuildPhase;
			buildActionMask = 2147483647;
			files = (
				9D214A56205FF68600DA87BD /* TabBarPracticeTests.swift in Sources */,
			);
			runOnlyForDeploymentPostprocessing = 0;
		};
		9D214A58205FF68600DA87BD /* Sources */ = {
			isa = PBXSourcesBuildPhase;
			buildActionMask = 2147483647;
			files = (
				9D214A61205FF68600DA87BD /* TabBarPracticeUITests.swift in Sources */,
			);
			runOnlyForDeploymentPostprocessing = 0;
		};
/* End PBXSourcesBuildPhase section */

/* Begin PBXTargetDependency section */
		9D214A53205FF68600DA87BD /* PBXTargetDependency */ = {
			isa = PBXTargetDependency;
			target = 9D214A39205FF68600DA87BD /* TabBarPractice */;
			targetProxy = 9D214A52205FF68600DA87BD /* PBXContainerItemProxy */;
		};
		9D214A5E205FF68600DA87BD /* PBXTargetDependency */ = {
			isa = PBXTargetDependency;
			target = 9D214A39205FF68600DA87BD /* TabBarPractice */;
			targetProxy = 9D214A5D205FF68600DA87BD /* PBXContainerItemProxy */;
		};
/* End PBXTargetDependency section */

/* Begin PBXVariantGroup section */
		9D214A41205FF68600DA87BD /* Main.storyboard */ = {
			isa = PBXVariantGroup;
			children = (
				9D214A42205FF68600DA87BD /* Base */,
			);
			name = Main.storyboard;
			sourceTree = "<group>";
		};
		9D214A49205FF68600DA87BD /* LaunchScreen.storyboard */ = {
			isa = PBXVariantGroup;
			children = (
				9D214A4A205FF68600DA87BD /* Base */,
			);
			name = LaunchScreen.storyboard;
			sourceTree = "<group>";
		};
/* End PBXVariantGroup section */

/* Begin XCBuildConfiguration section */
		9D214A63205FF68600DA87BD /* Debug */ = {
			isa = XCBuildConfiguration;
			buildSettings = {
				ALWAYS_SEARCH_USER_PATHS = NO;
				CLANG_ANALYZER_NONNULL = YES;
				CLANG_ANALYZER_NUMBER_OBJECT_CONVERSION = YES_AGGRESSIVE;
				CLANG_CXX_LANGUAGE_STANDARD = "gnu++14";
				CLANG_CXX_LIBRARY = "libc++";
				CLANG_ENABLE_MODULES = YES;
				CLANG_ENABLE_OBJC_ARC = YES;
				CLANG_WARN_BLOCK_CAPTURE_AUTORELEASING = YES;
				CLANG_WARN_BOOL_CONVERSION = YES;
				CLANG_WARN_COMMA = YES;
				CLANG_WARN_CONSTANT_CONVERSION = YES;
				CLANG_WARN_DIRECT_OBJC_ISA_USAGE = YES_ERROR;
				CLANG_WARN_DOCUMENTATION_COMMENTS = YES;
				CLANG_WARN_EMPTY_BODY = YES;
				CLANG_WARN_ENUM_CONVERSION = YES;
				CLANG_WARN_INFINITE_RECURSION = YES;
				CLANG_WARN_INT_CONVERSION = YES;
				CLANG_WARN_NON_LITERAL_NULL_CONVERSION = YES;
				CLANG_WARN_OBJC_LITERAL_CONVERSION = YES;
				CLANG_WARN_OBJC_ROOT_CLASS = YES_ERROR;
				CLANG_WARN_RANGE_LOOP_ANALYSIS = YES;
				CLANG_WARN_STRICT_PROTOTYPES = YES;
				CLANG_WARN_SUSPICIOUS_MOVE = YES;
				CLANG_WARN_UNGUARDED_AVAILABILITY = YES_AGGRESSIVE;
				CLANG_WARN_UNREACHABLE_CODE = YES;
				CLANG_WARN__DUPLICATE_METHOD_MATCH = YES;
				CODE_SIGN_IDENTITY = "iPhone Developer";
				COPY_PHASE_STRIP = NO;
				DEBUG_INFORMATION_FORMAT = dwarf;
				ENABLE_STRICT_OBJC_MSGSEND = YES;
				ENABLE_TESTABILITY = YES;
				GCC_C_LANGUAGE_STANDARD = gnu11;
				GCC_DYNAMIC_NO_PIC = NO;
				GCC_NO_COMMON_BLOCKS = YES;
				GCC_OPTIMIZATION_LEVEL = 0;
				GCC_PREPROCESSOR_DEFINITIONS = (
					"DEBUG=1",
					"$(inherited)",
				);
				GCC_WARN_64_TO_32_BIT_CONVERSION = YES;
				GCC_WARN_ABOUT_RETURN_TYPE = YES_ERROR;
				GCC_WARN_UNDECLARED_SELECTOR = YES;
				GCC_WARN_UNINITIALIZED_AUTOS = YES_AGGRESSIVE;
				GCC_WARN_UNUSED_FUNCTION = YES;
				GCC_WARN_UNUSED_VARIABLE = YES;
				IPHONEOS_DEPLOYMENT_TARGET = 11.2;
				MTL_ENABLE_DEBUG_INFO = YES;
				ONLY_ACTIVE_ARCH = YES;
				SDKROOT = iphoneos;
				SWIFT_ACTIVE_COMPILATION_CONDITIONS = DEBUG;
				SWIFT_OPTIMIZATION_LEVEL = "-Onone";
			};
			name = Debug;
		};
		9D214A64205FF68600DA87BD /* Release */ = {
			isa = XCBuildConfiguration;
			buildSettings = {
				ALWAYS_SEARCH_USER_PATHS = NO;
				CLANG_ANALYZER_NONNULL = YES;
				CLANG_ANALYZER_NUMBER_OBJECT_CONVERSION = YES_AGGRESSIVE;
				CLANG_CXX_LANGUAGE_STANDARD = "gnu++14";
				CLANG_CXX_LIBRARY = "libc++";
				CLANG_ENABLE_MODULES = YES;
				CLANG_ENABLE_OBJC_ARC = YES;
				CLANG_WARN_BLOCK_CAPTURE_AUTORELEASING = YES;
				CLANG_WARN_BOOL_CONVERSION = YES;
				CLANG_WARN_COMMA = YES;
				CLANG_WARN_CONSTANT_CONVERSION = YES;
				CLANG_WARN_DIRECT_OBJC_ISA_USAGE = YES_ERROR;
				CLANG_WARN_DOCUMENTATION_COMMENTS = YES;
				CLANG_WARN_EMPTY_BODY = YES;
				CLANG_WARN_ENUM_CONVERSION = YES;
				CLANG_WARN_INFINITE_RECURSION = YES;
				CLANG_WARN_INT_CONVERSION = YES;
				CLANG_WARN_NON_LITERAL_NULL_CONVERSION = YES;
				CLANG_WARN_OBJC_LITERAL_CONVERSION = YES;
				CLANG_WARN_OBJC_ROOT_CLASS = YES_ERROR;
				CLANG_WARN_RANGE_LOOP_ANALYSIS = YES;
				CLANG_WARN_STRICT_PROTOTYPES = YES;
				CLANG_WARN_SUSPICIOUS_MOVE = YES;
				CLANG_WARN_UNGUARDED_AVAILABILITY = YES_AGGRESSIVE;
				CLANG_WARN_UNREACHABLE_CODE = YES;
				CLANG_WARN__DUPLICATE_METHOD_MATCH = YES;
				CODE_SIGN_IDENTITY = "iPhone Developer";
				COPY_PHASE_STRIP = NO;
				DEBUG_INFORMATION_FORMAT = "dwarf-with-dsym";
				ENABLE_NS_ASSERTIONS = NO;
				ENABLE_STRICT_OBJC_MSGSEND = YES;
				GCC_C_LANGUAGE_STANDARD = gnu11;
				GCC_NO_COMMON_BLOCKS = YES;
				GCC_WARN_64_TO_32_BIT_CONVERSION = YES;
				GCC_WARN_ABOUT_RETURN_TYPE = YES_ERROR;
				GCC_WARN_UNDECLARED_SELECTOR = YES;
				GCC_WARN_UNINITIALIZED_AUTOS = YES_AGGRESSIVE;
				GCC_WARN_UNUSED_FUNCTION = YES;
				GCC_WARN_UNUSED_VARIABLE = YES;
				IPHONEOS_DEPLOYMENT_TARGET = 11.2;
				MTL_ENABLE_DEBUG_INFO = NO;
				SDKROOT = iphoneos;
				SWIFT_OPTIMIZATION_LEVEL = "-Owholemodule";
				VALIDATE_PRODUCT = YES;
			};
			name = Release;
		};
		9D214A66205FF68600DA87BD /* Debug */ = {
			isa = XCBuildConfiguration;
			buildSettings = {
				ASSETCATALOG_COMPILER_APPICON_NAME = AppIcon;
				CODE_SIGN_STYLE = Automatic;
				INFOPLIST_FILE = TabBarPractice/Info.plist;
				LD_RUNPATH_SEARCH_PATHS = "$(inherited) @executable_path/Frameworks";
				PRODUCT_BUNDLE_IDENTIFIER = com.andrewtm.TabBarPractice;
				PRODUCT_NAME = "$(TARGET_NAME)";
				SWIFT_VERSION = 4.0;
				TARGETED_DEVICE_FAMILY = "1,2";
			};
			name = Debug;
		};
		9D214A67205FF68600DA87BD /* Release */ = {
			isa = XCBuildConfiguration;
			buildSettings = {
				ASSETCATALOG_COMPILER_APPICON_NAME = AppIcon;
				CODE_SIGN_STYLE = Automatic;
				INFOPLIST_FILE = TabBarPractice/Info.plist;
				LD_RUNPATH_SEARCH_PATHS = "$(inherited) @executable_path/Frameworks";
				PRODUCT_BUNDLE_IDENTIFIER = com.andrewtm.TabBarPractice;
				PRODUCT_NAME = "$(TARGET_NAME)";
				SWIFT_VERSION = 4.0;
				TARGETED_DEVICE_FAMILY = "1,2";
			};
			name = Release;
		};
		9D214A69205FF68600DA87BD /* Debug */ = {
			isa = XCBuildConfiguration;
			buildSettings = {
				ALWAYS_EMBED_SWIFT_STANDARD_LIBRARIES = YES;
				BUNDLE_LOADER = "$(TEST_HOST)";
				CODE_SIGN_STYLE = Automatic;
				INFOPLIST_FILE = TabBarPracticeTests/Info.plist;
				LD_RUNPATH_SEARCH_PATHS = "$(inherited) @executable_path/Frameworks @loader_path/Frameworks";
				PRODUCT_BUNDLE_IDENTIFIER = com.andrewtm.TabBarPracticeTests;
				PRODUCT_NAME = "$(TARGET_NAME)";
				SWIFT_VERSION = 4.0;
				TARGETED_DEVICE_FAMILY = "1,2";
				TEST_HOST = "$(BUILT_PRODUCTS_DIR)/TabBarPractice.app/TabBarPractice";
			};
			name = Debug;
		};
		9D214A6A205FF68600DA87BD /* Release */ = {
			isa = XCBuildConfiguration;
			buildSettings = {
				ALWAYS_EMBED_SWIFT_STANDARD_LIBRARIES = YES;
				BUNDLE_LOADER = "$(TEST_HOST)";
				CODE_SIGN_STYLE = Automatic;
				INFOPLIST_FILE = TabBarPracticeTests/Info.plist;
				LD_RUNPATH_SEARCH_PATHS = "$(inherited) @executable_path/Frameworks @loader_path/Frameworks";
				PRODUCT_BUNDLE_IDENTIFIER = com.andrewtm.TabBarPracticeTests;
				PRODUCT_NAME = "$(TARGET_NAME)";
				SWIFT_VERSION = 4.0;
				TARGETED_DEVICE_FAMILY = "1,2";
				TEST_HOST = "$(BUILT_PRODUCTS_DIR)/TabBarPractice.app/TabBarPractice";
			};
			name = Release;
		};
		9D214A6C205FF68600DA87BD /* Debug */ = {
			isa = XCBuildConfiguration;
			buildSettings = {
				ALWAYS_EMBED_SWIFT_STANDARD_LIBRARIES = YES;
				CODE_SIGN_STYLE = Automatic;
				INFOPLIST_FILE = TabBarPracticeUITests/Info.plist;
				LD_RUNPATH_SEARCH_PATHS = "$(inherited) @executable_path/Frameworks @loader_path/Frameworks";
				PRODUCT_BUNDLE_IDENTIFIER = com.andrewtm.TabBarPracticeUITests;
				PRODUCT_NAME = "$(TARGET_NAME)";
				SWIFT_VERSION = 4.0;
				TARGETED_DEVICE_FAMILY = "1,2";
				TEST_TARGET_NAME = TabBarPractice;
			};
			name = Debug;
		};
		9D214A6D205FF68600DA87BD /* Release */ = {
			isa = XCBuildConfiguration;
			buildSettings = {
				ALWAYS_EMBED_SWIFT_STANDARD_LIBRARIES = YES;
				CODE_SIGN_STYLE = Automatic;
				INFOPLIST_FILE = TabBarPracticeUITests/Info.plist;
				LD_RUNPATH_SEARCH_PATHS = "$(inherited) @executable_path/Frameworks @loader_path/Frameworks";
				PRODUCT_BUNDLE_IDENTIFIER = com.andrewtm.TabBarPracticeUITests;
				PRODUCT_NAME = "$(TARGET_NAME)";
				SWIFT_VERSION = 4.0;
				TARGETED_DEVICE_FAMILY = "1,2";
				TEST_TARGET_NAME = TabBarPractice;
			};
			name = Release;
		};
/* End XCBuildConfiguration section */

/* Begin XCConfigurationList section */
		9D214A35205FF68600DA87BD /* Build configuration list for PBXProject "TabBarPractice" */ = {
			isa = XCConfigurationList;
			buildConfigurations = (
				9D214A63205FF68600DA87BD /* Debug */,
				9D214A64205FF68600DA87BD /* Release */,
			);
			defaultConfigurationIsVisible = 0;
			defaultConfigurationName = Release;
		};
		9D214A65205FF68600DA87BD /* Build configuration list for PBXNativeTarget "TabBarPractice" */ = {
			isa = XCConfigurationList;
			buildConfigurations = (
				9D214A66205FF68600DA87BD /* Debug */,
				9D214A67205FF68600DA87BD /* Release */,
			);
			defaultConfigurationIsVisible = 0;
			defaultConfigurationName = Release;
		};
		9D214A68205FF68600DA87BD /* Build configuration list for PBXNativeTarget "TabBarPracticeTests" */ = {
			isa = XCConfigurationList;
			buildConfigurations = (
				9D214A69205FF68600DA87BD /* Debug */,
				9D214A6A205FF68600DA87BD /* Release */,
			);
			defaultConfigurationIsVisible = 0;
			defaultConfigurationName = Release;
		};
		9D214A6B205FF68600DA87BD /* Build configuration list for PBXNativeTarget "TabBarPracticeUITests" */ = {
			isa = XCConfigurationList;
			buildConfigurations = (
				9D214A6C205FF68600DA87BD /* Debug */,
				9D214A6D205FF68600DA87BD /* Release */,
			);
			defaultConfigurationIsVisible = 0;
			defaultConfigurationName = Release;
		};
/* End XCConfigurationList section */

/* Begin XCVersionGroup section */
		9D214A44205FF68600DA87BD /* TabBarPractice.xcdatamodeld */ = {
			isa = XCVersionGroup;
			children = (
				9D214A45205FF68600DA87BD /* TabBarPractice.xcdatamodel */,
			);
			currentVersion = 9D214A45205FF68600DA87BD /* TabBarPractice.xcdatamodel */;
			path = TabBarPractice.xcdatamodeld;
			sourceTree = "<group>";
			versionGroupType = wrapper.xcdatamodel;
		};
/* End XCVersionGroup section */
	};
	rootObject = 9D214A32205FF68600DA87BD /* Project object */;
}
