// !$*UTF8*$!
{
	archiveVersion = 1;
	classes = {
	};
	objectVersion = 48;
	objects = {

/* Begin PBXBuildFile section */
		9D3BC6F32045A84D009D1569 /* AppDelegate.swift in Sources */ = {isa = PBXBuildFile; fileRef = 9D3BC6F22045A84D009D1569 /* AppDelegate.swift */; };
		9D3BC6F52045A84D009D1569 /* MyTableViewController.swift in Sources */ = {isa = PBXBuildFile; fileRef = 9D3BC6F42045A84D009D1569 /* MyTableViewController.swift */; };
		9D3BC6F82045A84D009D1569 /* Main.storyboard in Resources */ = {isa = PBXBuildFile; fileRef = 9D3BC6F62045A84D009D1569 /* Main.storyboard */; };
		9D3BC6FB2045A84D009D1569 /* Messages_app.xcdatamodeld in Sources */ = {isa = PBXBuildFile; fileRef = 9D3BC6F92045A84D009D1569 /* Messages_app.xcdatamodeld */; };
		9D3BC6FD2045A84D009D1569 /* Assets.xcassets in Resources */ = {isa = PBXBuildFile; fileRef = 9D3BC6FC2045A84D009D1569 /* Assets.xcassets */; };
		9D3BC7002045A84D009D1569 /* LaunchScreen.storyboard in Resources */ = {isa = PBXBuildFile; fileRef = 9D3BC6FE2045A84D009D1569 /* LaunchScreen.storyboard */; };
		9D3BC70B2045A84D009D1569 /* Messages_appTests.swift in Sources */ = {isa = PBXBuildFile; fileRef = 9D3BC70A2045A84D009D1569 /* Messages_appTests.swift */; };
		9D3BC7162045A84D009D1569 /* Messages_appUITests.swift in Sources */ = {isa = PBXBuildFile; fileRef = 9D3BC7152045A84D009D1569 /* Messages_appUITests.swift */; };
/* End PBXBuildFile section */

/* Begin PBXContainerItemProxy section */
		9D3BC7072045A84D009D1569 /* PBXContainerItemProxy */ = {
			isa = PBXContainerItemProxy;
			containerPortal = 9D3BC6E72045A84D009D1569 /* Project object */;
			proxyType = 1;
			remoteGlobalIDString = 9D3BC6EE2045A84D009D1569;
			remoteInfo = "Messages app";
		};
		9D3BC7122045A84D009D1569 /* PBXContainerItemProxy */ = {
			isa = PBXContainerItemProxy;
			containerPortal = 9D3BC6E72045A84D009D1569 /* Project object */;
			proxyType = 1;
			remoteGlobalIDString = 9D3BC6EE2045A84D009D1569;
			remoteInfo = "Messages app";
		};
/* End PBXContainerItemProxy section */

/* Begin PBXFileReference section */
		9D3BC6EF2045A84D009D1569 /* Messages app.app */ = {isa = PBXFileReference; explicitFileType = wrapper.application; includeInIndex = 0; path = "Messages app.app"; sourceTree = BUILT_PRODUCTS_DIR; };
		9D3BC6F22045A84D009D1569 /* AppDelegate.swift */ = {isa = PBXFileReference; lastKnownFileType = sourcecode.swift; path = AppDelegate.swift; sourceTree = "<group>"; };
		9D3BC6F42045A84D009D1569 /* MyTableViewController.swift */ = {isa = PBXFileReference; lastKnownFileType = sourcecode.swift; path = MyTableViewController.swift; sourceTree = "<group>"; };
		9D3BC6F72045A84D009D1569 /* Base */ = {isa = PBXFileReference; lastKnownFileType = file.storyboard; name = Base; path = Base.lproj/Main.storyboard; sourceTree = "<group>"; };
		9D3BC6FA2045A84D009D1569 /* Messages_app.xcdatamodel */ = {isa = PBXFileReference; lastKnownFileType = wrapper.xcdatamodel; path = Messages_app.xcdatamodel; sourceTree = "<group>"; };
		9D3BC6FC2045A84D009D1569 /* Assets.xcassets */ = {isa = PBXFileReference; lastKnownFileType = folder.assetcatalog; path = Assets.xcassets; sourceTree = "<group>"; };
		9D3BC6FF2045A84D009D1569 /* Base */ = {isa = PBXFileReference; lastKnownFileType = file.storyboard; name = Base; path = Base.lproj/LaunchScreen.storyboard; sourceTree = "<group>"; };
		9D3BC7012045A84D009D1569 /* Info.plist */ = {isa = PBXFileReference; lastKnownFileType = text.plist.xml; path = Info.plist; sourceTree = "<group>"; };
		9D3BC7062045A84D009D1569 /* Messages appTests.xctest */ = {isa = PBXFileReference; explicitFileType = wrapper.cfbundle; includeInIndex = 0; path = "Messages appTests.xctest"; sourceTree = BUILT_PRODUCTS_DIR; };
		9D3BC70A2045A84D009D1569 /* Messages_appTests.swift */ = {isa = PBXFileReference; lastKnownFileType = sourcecode.swift; path = Messages_appTests.swift; sourceTree = "<group>"; };
		9D3BC70C2045A84D009D1569 /* Info.plist */ = {isa = PBXFileReference; lastKnownFileType = text.plist.xml; path = Info.plist; sourceTree = "<group>"; };
		9D3BC7112045A84D009D1569 /* Messages appUITests.xctest */ = {isa = PBXFileReference; explicitFileType = wrapper.cfbundle; includeInIndex = 0; path = "Messages appUITests.xctest"; sourceTree = BUILT_PRODUCTS_DIR; };
		9D3BC7152045A84D009D1569 /* Messages_appUITests.swift */ = {isa = PBXFileReference; lastKnownFileType = sourcecode.swift; path = Messages_appUITests.swift; sourceTree = "<group>"; };
		9D3BC7172045A84D009D1569 /* Info.plist */ = {isa = PBXFileReference; lastKnownFileType = text.plist.xml; path = Info.plist; sourceTree = "<group>"; };
/* End PBXFileReference section */

/* Begin PBXFrameworksBuildPhase section */
		9D3BC6EC2045A84D009D1569 /* Frameworks */ = {
			isa = PBXFrameworksBuildPhase;
			buildActionMask = 2147483647;
			files = (
			);
			runOnlyForDeploymentPostprocessing = 0;
		};
		9D3BC7032045A84D009D1569 /* Frameworks */ = {
			isa = PBXFrameworksBuildPhase;
			buildActionMask = 2147483647;
			files = (
			);
			runOnlyForDeploymentPostprocessing = 0;
		};
		9D3BC70E2045A84D009D1569 /* Frameworks */ = {
			isa = PBXFrameworksBuildPhase;
			buildActionMask = 2147483647;
			files = (
			);
			runOnlyForDeploymentPostprocessing = 0;
		};
/* End PBXFrameworksBuildPhase section */

/* Begin PBXGroup section */
		9D3BC6E62045A84D009D1569 = {
			isa = PBXGroup;
			children = (
				9D3BC6F12045A84D009D1569 /* Messages app */,
				9D3BC7092045A84D009D1569 /* Messages appTests */,
				9D3BC7142045A84D009D1569 /* Messages appUITests */,
				9D3BC6F02045A84D009D1569 /* Products */,
			);
			sourceTree = "<group>";
		};
		9D3BC6F02045A84D009D1569 /* Products */ = {
			isa = PBXGroup;
			children = (
				9D3BC6EF2045A84D009D1569 /* Messages app.app */,
				9D3BC7062045A84D009D1569 /* Messages appTests.xctest */,
				9D3BC7112045A84D009D1569 /* Messages appUITests.xctest */,
			);
			name = Products;
			sourceTree = "<group>";
		};
		9D3BC6F12045A84D009D1569 /* Messages app */ = {
			isa = PBXGroup;
			children = (
				9D3BC6F22045A84D009D1569 /* AppDelegate.swift */,
				9D3BC6F42045A84D009D1569 /* MyTableViewController.swift */,
				9D3BC6F62045A84D009D1569 /* Main.storyboard */,
				9D3BC6FC2045A84D009D1569 /* Assets.xcassets */,
				9D3BC6FE2045A84D009D1569 /* LaunchScreen.storyboard */,
				9D3BC7012045A84D009D1569 /* Info.plist */,
				9D3BC6F92045A84D009D1569 /* Messages_app.xcdatamodeld */,
			);
			path = "Messages app";
			sourceTree = "<group>";
		};
		9D3BC7092045A84D009D1569 /* Messages appTests */ = {
			isa = PBXGroup;
			children = (
				9D3BC70A2045A84D009D1569 /* Messages_appTests.swift */,
				9D3BC70C2045A84D009D1569 /* Info.plist */,
			);
			path = "Messages appTests";
			sourceTree = "<group>";
		};
		9D3BC7142045A84D009D1569 /* Messages appUITests */ = {
			isa = PBXGroup;
			children = (
				9D3BC7152045A84D009D1569 /* Messages_appUITests.swift */,
				9D3BC7172045A84D009D1569 /* Info.plist */,
			);
			path = "Messages appUITests";
			sourceTree = "<group>";
		};
/* End PBXGroup section */

/* Begin PBXNativeTarget section */
		9D3BC6EE2045A84D009D1569 /* Messages app */ = {
			isa = PBXNativeTarget;
			buildConfigurationList = 9D3BC71A2045A84D009D1569 /* Build configuration list for PBXNativeTarget "Messages app" */;
			buildPhases = (
				9D3BC6EB2045A84D009D1569 /* Sources */,
				9D3BC6EC2045A84D009D1569 /* Frameworks */,
				9D3BC6ED2045A84D009D1569 /* Resources */,
			);
			buildRules = (
			);
			dependencies = (
			);
			name = "Messages app";
			productName = "Messages app";
			productReference = 9D3BC6EF2045A84D009D1569 /* Messages app.app */;
			productType = "com.apple.product-type.application";
		};
		9D3BC7052045A84D009D1569 /* Messages appTests */ = {
			isa = PBXNativeTarget;
			buildConfigurationList = 9D3BC71D2045A84D009D1569 /* Build configuration list for PBXNativeTarget "Messages appTests" */;
			buildPhases = (
				9D3BC7022045A84D009D1569 /* Sources */,
				9D3BC7032045A84D009D1569 /* Frameworks */,
				9D3BC7042045A84D009D1569 /* Resources */,
			);
			buildRules = (
			);
			dependencies = (
				9D3BC7082045A84D009D1569 /* PBXTargetDependency */,
			);
			name = "Messages appTests";
			productName = "Messages appTests";
			productReference = 9D3BC7062045A84D009D1569 /* Messages appTests.xctest */;
			productType = "com.apple.product-type.bundle.unit-test";
		};
		9D3BC7102045A84D009D1569 /* Messages appUITests */ = {
			isa = PBXNativeTarget;
			buildConfigurationList = 9D3BC7202045A84D009D1569 /* Build configuration list for PBXNativeTarget "Messages appUITests" */;
			buildPhases = (
				9D3BC70D2045A84D009D1569 /* Sources */,
				9D3BC70E2045A84D009D1569 /* Frameworks */,
				9D3BC70F2045A84D009D1569 /* Resources */,
			);
			buildRules = (
			);
			dependencies = (
				9D3BC7132045A84D009D1569 /* PBXTargetDependency */,
			);
			name = "Messages appUITests";
			productName = "Messages appUITests";
			productReference = 9D3BC7112045A84D009D1569 /* Messages appUITests.xctest */;
			productType = "com.apple.product-type.bundle.ui-testing";
		};
/* End PBXNativeTarget section */

/* Begin PBXProject section */
		9D3BC6E72045A84D009D1569 /* Project object */ = {
			isa = PBXProject;
			attributes = {
				LastSwiftUpdateCheck = 0920;
				LastUpgradeCheck = 0920;
				ORGANIZATIONNAME = "Andrew Madsen";
				TargetAttributes = {
					9D3BC6EE2045A84D009D1569 = {
						CreatedOnToolsVersion = 9.2;
						ProvisioningStyle = Automatic;
					};
					9D3BC7052045A84D009D1569 = {
						CreatedOnToolsVersion = 9.2;
						ProvisioningStyle = Automatic;
						TestTargetID = 9D3BC6EE2045A84D009D1569;
					};
					9D3BC7102045A84D009D1569 = {
						CreatedOnToolsVersion = 9.2;
						ProvisioningStyle = Automatic;
						TestTargetID = 9D3BC6EE2045A84D009D1569;
					};
				};
			};
			buildConfigurationList = 9D3BC6EA2045A84D009D1569 /* Build configuration list for PBXProject "Messages app" */;
			compatibilityVersion = "Xcode 8.0";
			developmentRegion = en;
			hasScannedForEncodings = 0;
			knownRegions = (
				en,
				Base,
			);
			mainGroup = 9D3BC6E62045A84D009D1569;
			productRefGroup = 9D3BC6F02045A84D009D1569 /* Products */;
			projectDirPath = "";
			projectRoot = "";
			targets = (
				9D3BC6EE2045A84D009D1569 /* Messages app */,
				9D3BC7052045A84D009D1569 /* Messages appTests */,
				9D3BC7102045A84D009D1569 /* Messages appUITests */,
			);
		};
/* End PBXProject section */

/* Begin PBXResourcesBuildPhase section */
		9D3BC6ED2045A84D009D1569 /* Resources */ = {
			isa = PBXResourcesBuildPhase;
			buildActionMask = 2147483647;
			files = (
				9D3BC7002045A84D009D1569 /* LaunchScreen.storyboard in Resources */,
				9D3BC6FD2045A84D009D1569 /* Assets.xcassets in Resources */,
				9D3BC6F82045A84D009D1569 /* Main.storyboard in Resources */,
			);
			runOnlyForDeploymentPostprocessing = 0;
		};
		9D3BC7042045A84D009D1569 /* Resources */ = {
			isa = PBXResourcesBuildPhase;
			buildActionMask = 2147483647;
			files = (
			);
			runOnlyForDeploymentPostprocessing = 0;
		};
		9D3BC70F2045A84D009D1569 /* Resources */ = {
			isa = PBXResourcesBuildPhase;
			buildActionMask = 2147483647;
			files = (
			);
			runOnlyForDeploymentPostprocessing = 0;
		};
/* End PBXResourcesBuildPhase section */

/* Begin PBXSourcesBuildPhase section */
		9D3BC6EB2045A84D009D1569 /* Sources */ = {
			isa = PBXSourcesBuildPhase;
			buildActionMask = 2147483647;
			files = (
				9D3BC6FB2045A84D009D1569 /* Messages_app.xcdatamodeld in Sources */,
				9D3BC6F52045A84D009D1569 /* MyTableViewController.swift in Sources */,
				9D3BC6F32045A84D009D1569 /* AppDelegate.swift in Sources */,
			);
			runOnlyForDeploymentPostprocessing = 0;
		};
		9D3BC7022045A84D009D1569 /* Sources */ = {
			isa = PBXSourcesBuildPhase;
			buildActionMask = 2147483647;
			files = (
				9D3BC70B2045A84D009D1569 /* Messages_appTests.swift in Sources */,
			);
			runOnlyForDeploymentPostprocessing = 0;
		};
		9D3BC70D2045A84D009D1569 /* Sources */ = {
			isa = PBXSourcesBuildPhase;
			buildActionMask = 2147483647;
			files = (
				9D3BC7162045A84D009D1569 /* Messages_appUITests.swift in Sources */,
			);
			runOnlyForDeploymentPostprocessing = 0;
		};
/* End PBXSourcesBuildPhase section */

/* Begin PBXTargetDependency section */
		9D3BC7082045A84D009D1569 /* PBXTargetDependency */ = {
			isa = PBXTargetDependency;
			target = 9D3BC6EE2045A84D009D1569 /* Messages app */;
			targetProxy = 9D3BC7072045A84D009D1569 /* PBXContainerItemProxy */;
		};
		9D3BC7132045A84D009D1569 /* PBXTargetDependency */ = {
			isa = PBXTargetDependency;
			target = 9D3BC6EE2045A84D009D1569 /* Messages app */;
			targetProxy = 9D3BC7122045A84D009D1569 /* PBXContainerItemProxy */;
		};
/* End PBXTargetDependency section */

/* Begin PBXVariantGroup section */
		9D3BC6F62045A84D009D1569 /* Main.storyboard */ = {
			isa = PBXVariantGroup;
			children = (
				9D3BC6F72045A84D009D1569 /* Base */,
			);
			name = Main.storyboard;
			sourceTree = "<group>";
		};
		9D3BC6FE2045A84D009D1569 /* LaunchScreen.storyboard */ = {
			isa = PBXVariantGroup;
			children = (
				9D3BC6FF2045A84D009D1569 /* Base */,
			);
			name = LaunchScreen.storyboard;
			sourceTree = "<group>";
		};
/* End PBXVariantGroup section */

/* Begin XCBuildConfiguration section */
		9D3BC7182045A84D009D1569 /* Debug */ = {
			isa = XCBuildConfiguration;
			buildSettings = {
				ALWAYS_SEARCH_USER_PATHS = NO;
				CLANG_ANALYZER_NONNULL = YES;
				CLANG_ANALYZER_NUMBER_OBJECT_CONVERSION = YES_AGGRESSIVE;
				CLANG_CXX_LANGUAGE_STANDARD = "gnu++14";
				CLANG_CXX_LIBRARY = "libc++";
				CLANG_ENABLE_MODULES = YES;
				CLANG_ENABLE_OBJC_ARC = YES;
				CLANG_WARN_BLOCK_CAPTURE_AUTORELEASING = YES;
				CLANG_WARN_BOOL_CONVERSION = YES;
				CLANG_WARN_COMMA = YES;
				CLANG_WARN_CONSTANT_CONVERSION = YES;
				CLANG_WARN_DIRECT_OBJC_ISA_USAGE = YES_ERROR;
				CLANG_WARN_DOCUMENTATION_COMMENTS = YES;
				CLANG_WARN_EMPTY_BODY = YES;
				CLANG_WARN_ENUM_CONVERSION = YES;
				CLANG_WARN_INFINITE_RECURSION = YES;
				CLANG_WARN_INT_CONVERSION = YES;
				CLANG_WARN_NON_LITERAL_NULL_CONVERSION = YES;
				CLANG_WARN_OBJC_LITERAL_CONVERSION = YES;
				CLANG_WARN_OBJC_ROOT_CLASS = YES_ERROR;
				CLANG_WARN_RANGE_LOOP_ANALYSIS = YES;
				CLANG_WARN_STRICT_PROTOTYPES = YES;
				CLANG_WARN_SUSPICIOUS_MOVE = YES;
				CLANG_WARN_UNGUARDED_AVAILABILITY = YES_AGGRESSIVE;
				CLANG_WARN_UNREACHABLE_CODE = YES;
				CLANG_WARN__DUPLICATE_METHOD_MATCH = YES;
				CODE_SIGN_IDENTITY = "iPhone Developer";
				COPY_PHASE_STRIP = NO;
				DEBUG_INFORMATION_FORMAT = dwarf;
				ENABLE_STRICT_OBJC_MSGSEND = YES;
				ENABLE_TESTABILITY = YES;
				GCC_C_LANGUAGE_STANDARD = gnu11;
				GCC_DYNAMIC_NO_PIC = NO;
				GCC_NO_COMMON_BLOCKS = YES;
				GCC_OPTIMIZATION_LEVEL = 0;
				GCC_PREPROCESSOR_DEFINITIONS = (
					"DEBUG=1",
					"$(inherited)",
				);
				GCC_WARN_64_TO_32_BIT_CONVERSION = YES;
				GCC_WARN_ABOUT_RETURN_TYPE = YES_ERROR;
				GCC_WARN_UNDECLARED_SELECTOR = YES;
				GCC_WARN_UNINITIALIZED_AUTOS = YES_AGGRESSIVE;
				GCC_WARN_UNUSED_FUNCTION = YES;
				GCC_WARN_UNUSED_VARIABLE = YES;
				IPHONEOS_DEPLOYMENT_TARGET = 11.2;
				MTL_ENABLE_DEBUG_INFO = YES;
				ONLY_ACTIVE_ARCH = YES;
				SDKROOT = iphoneos;
				SWIFT_ACTIVE_COMPILATION_CONDITIONS = DEBUG;
				SWIFT_OPTIMIZATION_LEVEL = "-Onone";
			};
			name = Debug;
		};
		9D3BC7192045A84D009D1569 /* Release */ = {
			isa = XCBuildConfiguration;
			buildSettings = {
				ALWAYS_SEARCH_USER_PATHS = NO;
				CLANG_ANALYZER_NONNULL = YES;
				CLANG_ANALYZER_NUMBER_OBJECT_CONVERSION = YES_AGGRESSIVE;
				CLANG_CXX_LANGUAGE_STANDARD = "gnu++14";
				CLANG_CXX_LIBRARY = "libc++";
				CLANG_ENABLE_MODULES = YES;
				CLANG_ENABLE_OBJC_ARC = YES;
				CLANG_WARN_BLOCK_CAPTURE_AUTORELEASING = YES;
				CLANG_WARN_BOOL_CONVERSION = YES;
				CLANG_WARN_COMMA = YES;
				CLANG_WARN_CONSTANT_CONVERSION = YES;
				CLANG_WARN_DIRECT_OBJC_ISA_USAGE = YES_ERROR;
				CLANG_WARN_DOCUMENTATION_COMMENTS = YES;
				CLANG_WARN_EMPTY_BODY = YES;
				CLANG_WARN_ENUM_CONVERSION = YES;
				CLANG_WARN_INFINITE_RECURSION = YES;
				CLANG_WARN_INT_CONVERSION = YES;
				CLANG_WARN_NON_LITERAL_NULL_CONVERSION = YES;
				CLANG_WARN_OBJC_LITERAL_CONVERSION = YES;
				CLANG_WARN_OBJC_ROOT_CLASS = YES_ERROR;
				CLANG_WARN_RANGE_LOOP_ANALYSIS = YES;
				CLANG_WARN_STRICT_PROTOTYPES = YES;
				CLANG_WARN_SUSPICIOUS_MOVE = YES;
				CLANG_WARN_UNGUARDED_AVAILABILITY = YES_AGGRESSIVE;
				CLANG_WARN_UNREACHABLE_CODE = YES;
				CLANG_WARN__DUPLICATE_METHOD_MATCH = YES;
				CODE_SIGN_IDENTITY = "iPhone Developer";
				COPY_PHASE_STRIP = NO;
				DEBUG_INFORMATION_FORMAT = "dwarf-with-dsym";
				ENABLE_NS_ASSERTIONS = NO;
				ENABLE_STRICT_OBJC_MSGSEND = YES;
				GCC_C_LANGUAGE_STANDARD = gnu11;
				GCC_NO_COMMON_BLOCKS = YES;
				GCC_WARN_64_TO_32_BIT_CONVERSION = YES;
				GCC_WARN_ABOUT_RETURN_TYPE = YES_ERROR;
				GCC_WARN_UNDECLARED_SELECTOR = YES;
				GCC_WARN_UNINITIALIZED_AUTOS = YES_AGGRESSIVE;
				GCC_WARN_UNUSED_FUNCTION = YES;
				GCC_WARN_UNUSED_VARIABLE = YES;
				IPHONEOS_DEPLOYMENT_TARGET = 11.2;
				MTL_ENABLE_DEBUG_INFO = NO;
				SDKROOT = iphoneos;
				SWIFT_OPTIMIZATION_LEVEL = "-Owholemodule";
				VALIDATE_PRODUCT = YES;
			};
			name = Release;
		};
		9D3BC71B2045A84D009D1569 /* Debug */ = {
			isa = XCBuildConfiguration;
			buildSettings = {
				ASSETCATALOG_COMPILER_APPICON_NAME = AppIcon;
				CODE_SIGN_STYLE = Automatic;
				INFOPLIST_FILE = "Messages app/Info.plist";
				LD_RUNPATH_SEARCH_PATHS = "$(inherited) @executable_path/Frameworks";
				PRODUCT_BUNDLE_IDENTIFIER = "com.andrewtm.Messages-app";
				PRODUCT_NAME = "$(TARGET_NAME)";
				SWIFT_VERSION = 4.0;
				TARGETED_DEVICE_FAMILY = "1,2";
			};
			name = Debug;
		};
		9D3BC71C2045A84D009D1569 /* Release */ = {
			isa = XCBuildConfiguration;
			buildSettings = {
				ASSETCATALOG_COMPILER_APPICON_NAME = AppIcon;
				CODE_SIGN_STYLE = Automatic;
				INFOPLIST_FILE = "Messages app/Info.plist";
				LD_RUNPATH_SEARCH_PATHS = "$(inherited) @executable_path/Frameworks";
				PRODUCT_BUNDLE_IDENTIFIER = "com.andrewtm.Messages-app";
				PRODUCT_NAME = "$(TARGET_NAME)";
				SWIFT_VERSION = 4.0;
				TARGETED_DEVICE_FAMILY = "1,2";
			};
			name = Release;
		};
		9D3BC71E2045A84D009D1569 /* Debug */ = {
			isa = XCBuildConfiguration;
			buildSettings = {
				ALWAYS_EMBED_SWIFT_STANDARD_LIBRARIES = YES;
				BUNDLE_LOADER = "$(TEST_HOST)";
				CODE_SIGN_STYLE = Automatic;
				INFOPLIST_FILE = "Messages appTests/Info.plist";
				LD_RUNPATH_SEARCH_PATHS = "$(inherited) @executable_path/Frameworks @loader_path/Frameworks";
				PRODUCT_BUNDLE_IDENTIFIER = "com.andrewtm.Messages-appTests";
				PRODUCT_NAME = "$(TARGET_NAME)";
				SWIFT_VERSION = 4.0;
				TARGETED_DEVICE_FAMILY = "1,2";
				TEST_HOST = "$(BUILT_PRODUCTS_DIR)/Messages app.app/Messages app";
			};
			name = Debug;
		};
		9D3BC71F2045A84D009D1569 /* Release */ = {
			isa = XCBuildConfiguration;
			buildSettings = {
				ALWAYS_EMBED_SWIFT_STANDARD_LIBRARIES = YES;
				BUNDLE_LOADER = "$(TEST_HOST)";
				CODE_SIGN_STYLE = Automatic;
				INFOPLIST_FILE = "Messages appTests/Info.plist";
				LD_RUNPATH_SEARCH_PATHS = "$(inherited) @executable_path/Frameworks @loader_path/Frameworks";
				PRODUCT_BUNDLE_IDENTIFIER = "com.andrewtm.Messages-appTests";
				PRODUCT_NAME = "$(TARGET_NAME)";
				SWIFT_VERSION = 4.0;
				TARGETED_DEVICE_FAMILY = "1,2";
				TEST_HOST = "$(BUILT_PRODUCTS_DIR)/Messages app.app/Messages app";
			};
			name = Release;
		};
		9D3BC7212045A84D009D1569 /* Debug */ = {
			isa = XCBuildConfiguration;
			buildSettings = {
				ALWAYS_EMBED_SWIFT_STANDARD_LIBRARIES = YES;
				CODE_SIGN_STYLE = Automatic;
				INFOPLIST_FILE = "Messages appUITests/Info.plist";
				LD_RUNPATH_SEARCH_PATHS = "$(inherited) @executable_path/Frameworks @loader_path/Frameworks";
				PRODUCT_BUNDLE_IDENTIFIER = "com.andrewtm.Messages-appUITests";
				PRODUCT_NAME = "$(TARGET_NAME)";
				SWIFT_VERSION = 4.0;
				TARGETED_DEVICE_FAMILY = "1,2";
				TEST_TARGET_NAME = "Messages app";
			};
			name = Debug;
		};
		9D3BC7222045A84D009D1569 /* Release */ = {
			isa = XCBuildConfiguration;
			buildSettings = {
				ALWAYS_EMBED_SWIFT_STANDARD_LIBRARIES = YES;
				CODE_SIGN_STYLE = Automatic;
				INFOPLIST_FILE = "Messages appUITests/Info.plist";
				LD_RUNPATH_SEARCH_PATHS = "$(inherited) @executable_path/Frameworks @loader_path/Frameworks";
				PRODUCT_BUNDLE_IDENTIFIER = "com.andrewtm.Messages-appUITests";
				PRODUCT_NAME = "$(TARGET_NAME)";
				SWIFT_VERSION = 4.0;
				TARGETED_DEVICE_FAMILY = "1,2";
				TEST_TARGET_NAME = "Messages app";
			};
			name = Release;
		};
/* End XCBuildConfiguration section */

/* Begin XCConfigurationList section */
		9D3BC6EA2045A84D009D1569 /* Build configuration list for PBXProject "Messages app" */ = {
			isa = XCConfigurationList;
			buildConfigurations = (
				9D3BC7182045A84D009D1569 /* Debug */,
				9D3BC7192045A84D009D1569 /* Release */,
			);
			defaultConfigurationIsVisible = 0;
			defaultConfigurationName = Release;
		};
		9D3BC71A2045A84D009D1569 /* Build configuration list for PBXNativeTarget "Messages app" */ = {
			isa = XCConfigurationList;
			buildConfigurations = (
				9D3BC71B2045A84D009D1569 /* Debug */,
				9D3BC71C2045A84D009D1569 /* Release */,
			);
			defaultConfigurationIsVisible = 0;
			defaultConfigurationName = Release;
		};
		9D3BC71D2045A84D009D1569 /* Build configuration list for PBXNativeTarget "Messages appTests" */ = {
			isa = XCConfigurationList;
			buildConfigurations = (
				9D3BC71E2045A84D009D1569 /* Debug */,
				9D3BC71F2045A84D009D1569 /* Release */,
			);
			defaultConfigurationIsVisible = 0;
			defaultConfigurationName = Release;
		};
		9D3BC7202045A84D009D1569 /* Build configuration list for PBXNativeTarget "Messages appUITests" */ = {
			isa = XCConfigurationList;
			buildConfigurations = (
				9D3BC7212045A84D009D1569 /* Debug */,
				9D3BC7222045A84D009D1569 /* Release */,
			);
			defaultConfigurationIsVisible = 0;
			defaultConfigurationName = Release;
		};
/* End XCConfigurationList section */

/* Begin XCVersionGroup section */
		9D3BC6F92045A84D009D1569 /* Messages_app.xcdatamodeld */ = {
			isa = XCVersionGroup;
			children = (
				9D3BC6FA2045A84D009D1569 /* Messages_app.xcdatamodel */,
			);
			currentVersion = 9D3BC6FA2045A84D009D1569 /* Messages_app.xcdatamodel */;
			path = Messages_app.xcdatamodeld;
			sourceTree = "<group>";
			versionGroupType = wrapper.xcdatamodel;
		};
/* End XCVersionGroup section */
	};
	rootObject = 9D3BC6E72045A84D009D1569 /* Project object */;
}
